{
  "name": "playwright",
  "version": "1.0.0",
  "lockfileVersion": 2,
  "requires": true,
  "packages": {
    "": {
      "name": "playwright",
      "version": "1.0.0",
      "license": "ISC",
      "dependencies": {
        "@playwright/test": "^1.51.1",
        "allure-playwright": "^2.0.0-beta.20",
        "playwright-core": "^1.28.1",
        "typescript": "^4.9.3"
      }
    },
    "node_modules/@playwright/test": {
      "version": "1.51.1",
      "resolved": "https://registry.npmjs.org/@playwright/test/-/test-1.51.1.tgz",
      "integrity": "sha512-nM+kEaTSAoVlXmMPH10017vn3FSiFqr/bh4fKg9vmAdMfd9SDqRZNvPSiAHADc/itWak+qPvMPZQOPwCBW7k7Q==",
      "license": "Apache-2.0",
      "dependencies": {
        "playwright": "1.51.1"
      },
      "bin": {
        "playwright": "cli.js"
      },
      "engines": {
        "node": ">=18"
      }
    },
    "node_modules/allure-js-commons": {
      "version": "2.0.0-beta.20",
      "resolved": "https://registry.npmjs.org/allure-js-commons/-/allure-js-commons-2.0.0-beta.20.tgz",
      "integrity": "sha512-ZUSa75s1LEhoIOTgNJhB463t+GURPKkB92HNqSWvFImxU0SojdT7JbgaQ4Ku+qhY5VFMsWmZJt6TAYo5t7ZR4A==",
      "dependencies": {
        "mkdirp": "^1.0.4",
        "properties": "^1.2.1",
        "uuid": "^8.3.0"
      }
    },
    "node_modules/allure-playwright": {
      "version": "2.0.0-beta.20",
      "resolved": "https://registry.npmjs.org/allure-playwright/-/allure-playwright-2.0.0-beta.20.tgz",
      "integrity": "sha512-RELEsiK4b4h+K4E2GzYqp3yEOR4OA+gUQi/PInIFtaDPKG4BYo0b28iqox+xrDILNce7NhmMC8Q/uqBGl33B4w==",
      "dependencies": {
        "allure-js-commons": "2.0.0-beta.20"
      }
    },
    "node_modules/fsevents": {
      "version": "2.3.2",
      "resolved": "https://registry.npmjs.org/fsevents/-/fsevents-2.3.2.tgz",
      "integrity": "sha512-xiqMQR4xAeHTuB9uWm+fFRcIOgKBMiOBP+eXiyT7jsgVCq1bkVygt00oASowB7EdtpOHaaPgKt812P9ab+DDKA==",
      "hasInstallScript": true,
      "license": "MIT",
      "optional": true,
      "os": [
        "darwin"
      ],
      "engines": {
        "node": "^8.16.0 || ^10.6.0 || >=11.0.0"
      }
    },
    "node_modules/mkdirp": {
      "version": "1.0.4",
      "resolved": "https://registry.npmjs.org/mkdirp/-/mkdirp-1.0.4.tgz",
      "integrity": "sha512-vVqVZQyf3WLx2Shd0qJ9xuvqgAyKPLAiqITEtqW0oIUjzo3PePDd6fW9iFz30ef7Ysp/oiWqbhszeGWW2T6Gzw==",
      "bin": {
        "mkdirp": "bin/cmd.js"
      },
      "engines": {
        "node": ">=10"
      }
    },
    "node_modules/playwright": {
      "version": "1.51.1",
      "resolved": "https://registry.npmjs.org/playwright/-/playwright-1.51.1.tgz",
      "integrity": "sha512-kkx+MB2KQRkyxjYPc3a0wLZZoDczmppyGJIvQ43l+aZihkaVvmu/21kiyaHeHjiFxjxNNFnUncKmcGIyOojsaw==",
      "license": "Apache-2.0",
      "dependencies": {
        "playwright-core": "1.51.1"
      },
      "bin": {
        "playwright": "cli.js"
      },
      "engines": {
        "node": ">=18"
      },
      "optionalDependencies": {
        "fsevents": "2.3.2"
      }
    },
    "node_modules/playwright-core": {
      "version": "1.51.1",
      "resolved": "https://registry.npmjs.org/playwright-core/-/playwright-core-1.51.1.tgz",
      "integrity": "sha512-/crRMj8+j/Nq5s8QcvegseuyeZPxpQCZb6HNk3Sos3BlZyAknRjoyJPFWkpNn8v0+P3WiwqFF8P+zQo4eqiNuw==",
      "license": "Apache-2.0",
      "bin": {
        "playwright-core": "cli.js"
      },
      "engines": {
        "node": ">=18"
      }
    },
    "node_modules/properties": {
      "version": "1.2.1",
      "resolved": "https://registry.npmjs.org/properties/-/properties-1.2.1.tgz",
      "integrity": "sha512-qYNxyMj1JeW54i/EWEFsM1cVwxJbtgPp8+0Wg9XjNaK6VE/c4oRi6PNu5p7w1mNXEIQIjV5Wwn8v8Gz82/QzdQ==",
      "engines": {
        "node": ">=0.10"
      }
    },
    "node_modules/typescript": {
      "version": "4.9.3",
      "resolved": "https://registry.npmjs.org/typescript/-/typescript-4.9.3.tgz",
      "integrity": "sha512-CIfGzTelbKNEnLpLdGFgdyKhG23CKdKgQPOBc+OUNrkJ2vr+KSzsSV5kq5iWhEQbok+quxgGzrAtGWCyU7tHnA==",
      "bin": {
        "tsc": "bin/tsc",
        "tsserver": "bin/tsserver"
      },
      "engines": {
        "node": ">=4.2.0"
      }
    },
    "node_modules/uuid": {
      "version": "8.3.2",
      "resolved": "https://registry.npmjs.org/uuid/-/uuid-8.3.2.tgz",
      "integrity": "sha512-+NYs2QeMWy+GWFOEm9xnn6HCDp0l7QBD7ml8zLUmJ+93Q5NF0NocErnwkTkXVFNiX3/fpC6afS8Dhb/gz7R7eg==",
      "bin": {
        "uuid": "dist/bin/uuid"
      }
    }
  },
  "dependencies": {
    "@playwright/test": {
      "version": "1.51.1",
      "resolved": "https://registry.npmjs.org/@playwright/test/-/test-1.51.1.tgz",
      "integrity": "sha512-nM+kEaTSAoVlXmMPH10017vn3FSiFqr/bh4fKg9vmAdMfd9SDqRZNvPSiAHADc/itWak+qPvMPZQOPwCBW7k7Q==",
      "requires": {
        "playwright": "1.51.1"
      }
    },
    "allure-js-commons": {
      "version": "2.0.0-beta.20",
      "resolved": "https://registry.npmjs.org/allure-js-commons/-/allure-js-commons-2.0.0-beta.20.tgz",
      "integrity": "sha512-ZUSa75s1LEhoIOTgNJhB463t+GURPKkB92HNqSWvFImxU0SojdT7JbgaQ4Ku+qhY5VFMsWmZJt6TAYo5t7ZR4A==",
      "requires": {
        "mkdirp": "^1.0.4",
        "properties": "^1.2.1",
        "uuid": "^8.3.0"
      }
    },
    "allure-playwright": {
      "version": "2.0.0-beta.20",
      "resolved": "https://registry.npmjs.org/allure-playwright/-/allure-playwright-2.0.0-beta.20.tgz",
      "integrity": "sha512-RELEsiK4b4h+K4E2GzYqp3yEOR4OA+gUQi/PInIFtaDPKG4BYo0b28iqox+xrDILNce7NhmMC8Q/uqBGl33B4w==",
      "requires": {
        "allure-js-commons": "2.0.0-beta.20"
      }
    },
    "fsevents": {
      "version": "2.3.2",
      "resolved": "https://registry.npmjs.org/fsevents/-/fsevents-2.3.2.tgz",
      "integrity": "sha512-xiqMQR4xAeHTuB9uWm+fFRcIOgKBMiOBP+eXiyT7jsgVCq1bkVygt00oASowB7EdtpOHaaPgKt812P9ab+DDKA==",
      "optional": true
    },
    "mkdirp": {
      "version": "1.0.4",
      "resolved": "https://registry.npmjs.org/mkdirp/-/mkdirp-1.0.4.tgz",
      "integrity": "sha512-vVqVZQyf3WLx2Shd0qJ9xuvqgAyKPLAiqITEtqW0oIUjzo3PePDd6fW9iFz30ef7Ysp/oiWqbhszeGWW2T6Gzw=="
    },
    "playwright": {
      "version": "1.51.1",
      "resolved": "https://registry.npmjs.org/playwright/-/playwright-1.51.1.tgz",
      "integrity": "sha512-kkx+MB2KQRkyxjYPc3a0wLZZoDczmppyGJIvQ43l+aZihkaVvmu/21kiyaHeHjiFxjxNNFnUncKmcGIyOojsaw==",
      "requires": {
        "fsevents": "2.3.2",
        "playwright-core": "1.51.1"
      }
    },
    "playwright-core": {
      "version": "1.51.1",
      "resolved": "https://registry.npmjs.org/playwright-core/-/playwright-core-1.51.1.tgz",
      "integrity": "sha512-/crRMj8+j/Nq5s8QcvegseuyeZPxpQCZb6HNk3Sos3BlZyAknRjoyJPFWkpNn8v0+P3WiwqFF8P+zQo4eqiNuw=="
    },
    "properties": {
      "version": "1.2.1",
      "resolved": "https://registry.npmjs.org/properties/-/properties-1.2.1.tgz",
      "integrity": "sha512-qYNxyMj1JeW54i/EWEFsM1cVwxJbtgPp8+0Wg9XjNaK6VE/c4oRi6PNu5p7w1mNXEIQIjV5Wwn8v8Gz82/QzdQ=="
    },
    "typescript": {
      "version": "4.9.3",
      "resolved": "https://registry.npmjs.org/typescript/-/typescript-4.9.3.tgz",
      "integrity": "sha512-CIfGzTelbKNEnLpLdGFgdyKhG23CKdKgQPOBc+OUNrkJ2vr+KSzsSV5kq5iWhEQbok+quxgGzrAtGWCyU7tHnA=="
    },
    "uuid": {
      "version": "8.3.2",
      "resolved": "https://registry.npmjs.org/uuid/-/uuid-8.3.2.tgz",
      "integrity": "sha512-+NYs2QeMWy+GWFOEm9xnn6HCDp0l7QBD7ml8zLUmJ+93Q5NF0NocErnwkTkXVFNiX3/fpC6afS8Dhb/gz7R7eg=="
    }
  }
}
